
Microsoft Visual Studio Solution File, Format Version 12.00
# Visual Studio Version 17
VisualStudioVersion = 17.10.35122.118
MinimumVisualStudioVersion = 10.0.40219.1
Project("{FAE04EC0-301F-11D3-BF4B-00C04F79EFBC}") = "Wipro_Array_Example_2", "Wipro_Array_Example_2\Wipro_Array_Example_2.csproj", "{FE303108-5E8C-4A74-A807-52BDEB833360}"
EndProject
Global
	GlobalSection(SolutionConfigurationPlatforms) = preSolution
		Debug|Any CPU = Debug|Any CPU
		Release|Any CPU = Release|Any CPU
	EndGlobalSection
	GlobalSection(ProjectConfigurationPlatforms) = postSolution
		{FE303108-5E8C-4A74-A807-52BDEB833360}.Debug|Any CPU.ActiveCfg = Debug|Any CPU
		{FE303108-5E8C-4A74-A807-52BDEB833360}.Debug|Any CPU.Build.0 = Debug|Any CPU
		{FE303108-5E8C-4A74-A807-52BDEB833360}.Release|Any CPU.ActiveCfg = Release|Any CPU
		{FE303108-5E8C-4A74-A807-52BDEB833360}.Release|Any CPU.Build.0 = Release|Any CPU
	EndGlobalSection
	GlobalSection(SolutionProperties) = preSolution
		HideSolutionNode = FALSE
	EndGlobalSection
	GlobalSection(ExtensibilityGlobals) = postSolution
		SolutionGuid = {E2B9C531-1091-4B2F-BADD-255DB4351754}
	EndGlobalSection
EndGlobal
