
Microsoft Visual Studio Solution File, Format Version 12.00
# Visual Studio Version 17
VisualStudioVersion = 17.10.35122.118
MinimumVisualStudioVersion = 10.0.40219.1
Project("{FAE04EC0-301F-11D3-BF4B-00C04F79EFBC}") = "Wipro_SwitchStatement", "Wipro_SwitchStatement\Wipro_SwitchStatement.csproj", "{0070036A-D5E1-4B5D-9443-67948700C06B}"
EndProject
Global
	GlobalSection(SolutionConfigurationPlatforms) = preSolution
		Debug|Any CPU = Debug|Any CPU
		Release|Any CPU = Release|Any CPU
	EndGlobalSection
	GlobalSection(ProjectConfigurationPlatforms) = postSolution
		{0070036A-D5E1-4B5D-9443-67948700C06B}.Debug|Any CPU.ActiveCfg = Debug|Any CPU
		{0070036A-D5E1-4B5D-9443-67948700C06B}.Debug|Any CPU.Build.0 = Debug|Any CPU
		{0070036A-D5E1-4B5D-9443-67948700C06B}.Release|Any CPU.ActiveCfg = Release|Any CPU
		{0070036A-D5E1-4B5D-9443-67948700C06B}.Release|Any CPU.Build.0 = Release|Any CPU
	EndGlobalSection
	GlobalSection(SolutionProperties) = preSolution
		HideSolutionNode = FALSE
	EndGlobalSection
	GlobalSection(ExtensibilityGlobals) = postSolution
		SolutionGuid = {7BC76AC0-2C98-4944-8867-EF3CE5245D86}
	EndGlobalSection
EndGlobal
