
Microsoft Visual Studio Solution File, Format Version 12.00
# Visual Studio Version 17
VisualStudioVersion = 17.10.35122.118
MinimumVisualStudioVersion = 10.0.40219.1
Project("{FAE04EC0-301F-11D3-BF4B-00C04F79EFBC}") = "Wipro_FuncDelegate_Ex1", "Wipro_FuncDelegate_Ex1\Wipro_FuncDelegate_Ex1.csproj", "{A9C8BFD3-E608-4901-9C0F-21E55DDE4B1F}"
EndProject
Global
	GlobalSection(SolutionConfigurationPlatforms) = preSolution
		Debug|Any CPU = Debug|Any CPU
		Release|Any CPU = Release|Any CPU
	EndGlobalSection
	GlobalSection(ProjectConfigurationPlatforms) = postSolution
		{A9C8BFD3-E608-4901-9C0F-21E55DDE4B1F}.Debug|Any CPU.ActiveCfg = Debug|Any CPU
		{A9C8BFD3-E608-4901-9C0F-21E55DDE4B1F}.Debug|Any CPU.Build.0 = Debug|Any CPU
		{A9C8BFD3-E608-4901-9C0F-21E55DDE4B1F}.Release|Any CPU.ActiveCfg = Release|Any CPU
		{A9C8BFD3-E608-4901-9C0F-21E55DDE4B1F}.Release|Any CPU.Build.0 = Release|Any CPU
	EndGlobalSection
	GlobalSection(SolutionProperties) = preSolution
		HideSolutionNode = FALSE
	EndGlobalSection
	GlobalSection(ExtensibilityGlobals) = postSolution
		SolutionGuid = {70214683-1392-49CC-B52C-855C96AAE48D}
	EndGlobalSection
EndGlobal
