
Microsoft Visual Studio Solution File, Format Version 12.00
# Visual Studio Version 17
VisualStudioVersion = 17.10.35122.118
MinimumVisualStudioVersion = 10.0.40219.1
Project("{FAE04EC0-301F-11D3-BF4B-00C04F79EFBC}") = "Wipro_DictionaryCollection_Ex1", "Wipro_DictionaryCollection_Ex1\Wipro_DictionaryCollection_Ex1.csproj", "{A44939C2-16C4-4BEE-9683-B950FA61A745}"
EndProject
Global
	GlobalSection(SolutionConfigurationPlatforms) = preSolution
		Debug|Any CPU = Debug|Any CPU
		Release|Any CPU = Release|Any CPU
	EndGlobalSection
	GlobalSection(ProjectConfigurationPlatforms) = postSolution
		{A44939C2-16C4-4BEE-9683-B950FA61A745}.Debug|Any CPU.ActiveCfg = Debug|Any CPU
		{A44939C2-16C4-4BEE-9683-B950FA61A745}.Debug|Any CPU.Build.0 = Debug|Any CPU
		{A44939C2-16C4-4BEE-9683-B950FA61A745}.Release|Any CPU.ActiveCfg = Release|Any CPU
		{A44939C2-16C4-4BEE-9683-B950FA61A745}.Release|Any CPU.Build.0 = Release|Any CPU
	EndGlobalSection
	GlobalSection(SolutionProperties) = preSolution
		HideSolutionNode = FALSE
	EndGlobalSection
	GlobalSection(ExtensibilityGlobals) = postSolution
		SolutionGuid = {42974A31-CC8A-48AF-9FEE-A6DA502E4374}
	EndGlobalSection
EndGlobal
