
Microsoft Visual Studio Solution File, Format Version 12.00
# Visual Studio Version 17
VisualStudioVersion = 17.10.35122.118
MinimumVisualStudioVersion = 10.0.40219.1
Project("{FAE04EC0-301F-11D3-BF4B-00C04F79EFBC}") = "Wipro_ExceptionHandling_Ex2", "Wipro_ExceptionHandling_Ex2\Wipro_ExceptionHandling_Ex2.csproj", "{49DDB77A-CDC5-4302-AF92-F91C8FEB2437}"
EndProject
Global
	GlobalSection(SolutionConfigurationPlatforms) = preSolution
		Debug|Any CPU = Debug|Any CPU
		Release|Any CPU = Release|Any CPU
	EndGlobalSection
	GlobalSection(ProjectConfigurationPlatforms) = postSolution
		{49DDB77A-CDC5-4302-AF92-F91C8FEB2437}.Debug|Any CPU.ActiveCfg = Debug|Any CPU
		{49DDB77A-CDC5-4302-AF92-F91C8FEB2437}.Debug|Any CPU.Build.0 = Debug|Any CPU
		{49DDB77A-CDC5-4302-AF92-F91C8FEB2437}.Release|Any CPU.ActiveCfg = Release|Any CPU
		{49DDB77A-CDC5-4302-AF92-F91C8FEB2437}.Release|Any CPU.Build.0 = Release|Any CPU
	EndGlobalSection
	GlobalSection(SolutionProperties) = preSolution
		HideSolutionNode = FALSE
	EndGlobalSection
	GlobalSection(ExtensibilityGlobals) = postSolution
		SolutionGuid = {AF4915F1-CF83-4486-9A50-AB2C685DA9B0}
	EndGlobalSection
EndGlobal
