
Microsoft Visual Studio Solution File, Format Version 12.00
# Visual Studio Version 17
VisualStudioVersion = 17.10.35122.118
MinimumVisualStudioVersion = 10.0.40219.1
Project("{FAE04EC0-301F-11D3-BF4B-00C04F79EFBC}") = "Wipro_ListCollection_Ex5", "Wipro_ListCollection_Ex5\Wipro_ListCollection_Ex5.csproj", "{0C014674-92D8-4AEE-B0A7-F3B13F4760CA}"
EndProject
Global
	GlobalSection(SolutionConfigurationPlatforms) = preSolution
		Debug|Any CPU = Debug|Any CPU
		Release|Any CPU = Release|Any CPU
	EndGlobalSection
	GlobalSection(ProjectConfigurationPlatforms) = postSolution
		{0C014674-92D8-4AEE-B0A7-F3B13F4760CA}.Debug|Any CPU.ActiveCfg = Debug|Any CPU
		{0C014674-92D8-4AEE-B0A7-F3B13F4760CA}.Debug|Any CPU.Build.0 = Debug|Any CPU
		{0C014674-92D8-4AEE-B0A7-F3B13F4760CA}.Release|Any CPU.ActiveCfg = Release|Any CPU
		{0C014674-92D8-4AEE-B0A7-F3B13F4760CA}.Release|Any CPU.Build.0 = Release|Any CPU
	EndGlobalSection
	GlobalSection(SolutionProperties) = preSolution
		HideSolutionNode = FALSE
	EndGlobalSection
	GlobalSection(ExtensibilityGlobals) = postSolution
		SolutionGuid = {5B32FD5B-EBE1-4857-97B8-13EF092AF651}
	EndGlobalSection
EndGlobal
