
Microsoft Visual Studio Solution File, Format Version 12.00
# Visual Studio Version 17
VisualStudioVersion = 17.10.35122.118
MinimumVisualStudioVersion = 10.0.40219.1
Project("{FAE04EC0-301F-11D3-BF4B-00C04F79EFBC}") = "Wipro_EnumMonths", "Wipro_EnumMonths\Wipro_EnumMonths.csproj", "{4E8FB4F3-11B5-4D0F-8AA1-F7A9529DCB69}"
EndProject
Global
	GlobalSection(SolutionConfigurationPlatforms) = preSolution
		Debug|Any CPU = Debug|Any CPU
		Release|Any CPU = Release|Any CPU
	EndGlobalSection
	GlobalSection(ProjectConfigurationPlatforms) = postSolution
		{4E8FB4F3-11B5-4D0F-8AA1-F7A9529DCB69}.Debug|Any CPU.ActiveCfg = Debug|Any CPU
		{4E8FB4F3-11B5-4D0F-8AA1-F7A9529DCB69}.Debug|Any CPU.Build.0 = Debug|Any CPU
		{4E8FB4F3-11B5-4D0F-8AA1-F7A9529DCB69}.Release|Any CPU.ActiveCfg = Release|Any CPU
		{4E8FB4F3-11B5-4D0F-8AA1-F7A9529DCB69}.Release|Any CPU.Build.0 = Release|Any CPU
	EndGlobalSection
	GlobalSection(SolutionProperties) = preSolution
		HideSolutionNode = FALSE
	EndGlobalSection
	GlobalSection(ExtensibilityGlobals) = postSolution
		SolutionGuid = {579052F3-82DA-4160-9525-343A9E1B3BE8}
	EndGlobalSection
EndGlobal
