
Microsoft Visual Studio Solution File, Format Version 12.00
# Visual Studio Version 17
VisualStudioVersion = 17.10.35122.118
MinimumVisualStudioVersion = 10.0.40219.1
Project("{FAE04EC0-301F-11D3-BF4B-00C04F79EFBC}") = "Wipro_BreakStatement", "Wipro_BreakStatement\Wipro_BreakStatement.csproj", "{FD337559-A084-4D1C-B349-1C59314E14D5}"
EndProject
Global
	GlobalSection(SolutionConfigurationPlatforms) = preSolution
		Debug|Any CPU = Debug|Any CPU
		Release|Any CPU = Release|Any CPU
	EndGlobalSection
	GlobalSection(ProjectConfigurationPlatforms) = postSolution
		{FD337559-A084-4D1C-B349-1C59314E14D5}.Debug|Any CPU.ActiveCfg = Debug|Any CPU
		{FD337559-A084-4D1C-B349-1C59314E14D5}.Debug|Any CPU.Build.0 = Debug|Any CPU
		{FD337559-A084-4D1C-B349-1C59314E14D5}.Release|Any CPU.ActiveCfg = Release|Any CPU
		{FD337559-A084-4D1C-B349-1C59314E14D5}.Release|Any CPU.Build.0 = Release|Any CPU
	EndGlobalSection
	GlobalSection(SolutionProperties) = preSolution
		HideSolutionNode = FALSE
	EndGlobalSection
	GlobalSection(ExtensibilityGlobals) = postSolution
		SolutionGuid = {38C78FCB-7DF4-4C61-8F17-12F7C8B1E691}
	EndGlobalSection
EndGlobal
