
Microsoft Visual Studio Solution File, Format Version 12.00
# Visual Studio Version 17
VisualStudioVersion = 17.10.35122.118
MinimumVisualStudioVersion = 10.0.40219.1
Project("{FAE04EC0-301F-11D3-BF4B-00C04F79EFBC}") = "Wipro_CallByValue_Example", "Wipro_CallByValue_Example\Wipro_CallByValue_Example.csproj", "{E10F0C66-5048-4C56-AEF4-BE68220DEFA7}"
EndProject
Global
	GlobalSection(SolutionConfigurationPlatforms) = preSolution
		Debug|Any CPU = Debug|Any CPU
		Release|Any CPU = Release|Any CPU
	EndGlobalSection
	GlobalSection(ProjectConfigurationPlatforms) = postSolution
		{E10F0C66-5048-4C56-AEF4-BE68220DEFA7}.Debug|Any CPU.ActiveCfg = Debug|Any CPU
		{E10F0C66-5048-4C56-AEF4-BE68220DEFA7}.Debug|Any CPU.Build.0 = Debug|Any CPU
		{E10F0C66-5048-4C56-AEF4-BE68220DEFA7}.Release|Any CPU.ActiveCfg = Release|Any CPU
		{E10F0C66-5048-4C56-AEF4-BE68220DEFA7}.Release|Any CPU.Build.0 = Release|Any CPU
	EndGlobalSection
	GlobalSection(SolutionProperties) = preSolution
		HideSolutionNode = FALSE
	EndGlobalSection
	GlobalSection(ExtensibilityGlobals) = postSolution
		SolutionGuid = {413C5CF8-E967-4C93-A7DD-5E5EDC9405B6}
	EndGlobalSection
EndGlobal
