
Microsoft Visual Studio Solution File, Format Version 12.00
# Visual Studio Version 17
VisualStudioVersion = 17.10.35122.118
MinimumVisualStudioVersion = 10.0.40219.1
Project("{FAE04EC0-301F-11D3-BF4B-00C04F79EFBC}") = "Wipro_ForAndForEachLoop_Array", "Wipro_ForAndForEachLoop_Array\Wipro_ForAndForEachLoop_Array.csproj", "{B819B062-C479-4181-BB8D-E0E96AD8CBC9}"
EndProject
Global
	GlobalSection(SolutionConfigurationPlatforms) = preSolution
		Debug|Any CPU = Debug|Any CPU
		Release|Any CPU = Release|Any CPU
	EndGlobalSection
	GlobalSection(ProjectConfigurationPlatforms) = postSolution
		{B819B062-C479-4181-BB8D-E0E96AD8CBC9}.Debug|Any CPU.ActiveCfg = Debug|Any CPU
		{B819B062-C479-4181-BB8D-E0E96AD8CBC9}.Debug|Any CPU.Build.0 = Debug|Any CPU
		{B819B062-C479-4181-BB8D-E0E96AD8CBC9}.Release|Any CPU.ActiveCfg = Release|Any CPU
		{B819B062-C479-4181-BB8D-E0E96AD8CBC9}.Release|Any CPU.Build.0 = Release|Any CPU
	EndGlobalSection
	GlobalSection(SolutionProperties) = preSolution
		HideSolutionNode = FALSE
	EndGlobalSection
	GlobalSection(ExtensibilityGlobals) = postSolution
		SolutionGuid = {CE027CD8-1524-4594-A5E7-E5978F83B394}
	EndGlobalSection
EndGlobal
