
Microsoft Visual Studio Solution File, Format Version 12.00
# Visual Studio Version 17
VisualStudioVersion = 17.10.35122.118
MinimumVisualStudioVersion = 10.0.40219.1
Project("{FAE04EC0-301F-11D3-BF4B-00C04F79EFBC}") = "Wipro_Abstract_Day8_Ex1", "Wipro_Abstract_Day8_Ex1\Wipro_Abstract_Day8_Ex1.csproj", "{AA2544C3-C92C-4495-8FC9-60AD56373DB4}"
EndProject
Global
	GlobalSection(SolutionConfigurationPlatforms) = preSolution
		Debug|Any CPU = Debug|Any CPU
		Release|Any CPU = Release|Any CPU
	EndGlobalSection
	GlobalSection(ProjectConfigurationPlatforms) = postSolution
		{AA2544C3-C92C-4495-8FC9-60AD56373DB4}.Debug|Any CPU.ActiveCfg = Debug|Any CPU
		{AA2544C3-C92C-4495-8FC9-60AD56373DB4}.Debug|Any CPU.Build.0 = Debug|Any CPU
		{AA2544C3-C92C-4495-8FC9-60AD56373DB4}.Release|Any CPU.ActiveCfg = Release|Any CPU
		{AA2544C3-C92C-4495-8FC9-60AD56373DB4}.Release|Any CPU.Build.0 = Release|Any CPU
	EndGlobalSection
	GlobalSection(SolutionProperties) = preSolution
		HideSolutionNode = FALSE
	EndGlobalSection
	GlobalSection(ExtensibilityGlobals) = postSolution
		SolutionGuid = {CFC18FE6-358A-44BA-904C-3B6FF2692A37}
	EndGlobalSection
EndGlobal
