
Microsoft Visual Studio Solution File, Format Version 12.00
# Visual Studio Version 17
VisualStudioVersion = 17.10.35122.118
MinimumVisualStudioVersion = 10.0.40219.1
Project("{FAE04EC0-301F-11D3-BF4B-00C04F79EFBC}") = "Wipro_AbstractFactoryPattern_Ex1", "Wipro_AbstractFactoryPattern_Ex1\Wipro_AbstractFactoryPattern_Ex1.csproj", "{A6C3DA52-4847-46C4-AC4C-C8557F1DDAFA}"
EndProject
Global
	GlobalSection(SolutionConfigurationPlatforms) = preSolution
		Debug|Any CPU = Debug|Any CPU
		Release|Any CPU = Release|Any CPU
	EndGlobalSection
	GlobalSection(ProjectConfigurationPlatforms) = postSolution
		{A6C3DA52-4847-46C4-AC4C-C8557F1DDAFA}.Debug|Any CPU.ActiveCfg = Debug|Any CPU
		{A6C3DA52-4847-46C4-AC4C-C8557F1DDAFA}.Debug|Any CPU.Build.0 = Debug|Any CPU
		{A6C3DA52-4847-46C4-AC4C-C8557F1DDAFA}.Release|Any CPU.ActiveCfg = Release|Any CPU
		{A6C3DA52-4847-46C4-AC4C-C8557F1DDAFA}.Release|Any CPU.Build.0 = Release|Any CPU
	EndGlobalSection
	GlobalSection(SolutionProperties) = preSolution
		HideSolutionNode = FALSE
	EndGlobalSection
	GlobalSection(ExtensibilityGlobals) = postSolution
		SolutionGuid = {DBACB907-75C0-451C-8F7E-195676F024D7}
	EndGlobalSection
EndGlobal
