
Microsoft Visual Studio Solution File, Format Version 12.00
# Visual Studio Version 17
VisualStudioVersion = 17.10.35122.118
MinimumVisualStudioVersion = 10.0.40219.1
Project("{FAE04EC0-301F-11D3-BF4B-00C04F79EFBC}") = "Wipro_Reflections_Ex1", "Wipro_Reflections_Ex1\Wipro_Reflections_Ex1.csproj", "{95A7EFAE-52C9-4033-9F72-290A9AE31400}"
EndProject
Global
	GlobalSection(SolutionConfigurationPlatforms) = preSolution
		Debug|Any CPU = Debug|Any CPU
		Release|Any CPU = Release|Any CPU
	EndGlobalSection
	GlobalSection(ProjectConfigurationPlatforms) = postSolution
		{95A7EFAE-52C9-4033-9F72-290A9AE31400}.Debug|Any CPU.ActiveCfg = Debug|Any CPU
		{95A7EFAE-52C9-4033-9F72-290A9AE31400}.Debug|Any CPU.Build.0 = Debug|Any CPU
		{95A7EFAE-52C9-4033-9F72-290A9AE31400}.Release|Any CPU.ActiveCfg = Release|Any CPU
		{95A7EFAE-52C9-4033-9F72-290A9AE31400}.Release|Any CPU.Build.0 = Release|Any CPU
	EndGlobalSection
	GlobalSection(SolutionProperties) = preSolution
		HideSolutionNode = FALSE
	EndGlobalSection
	GlobalSection(ExtensibilityGlobals) = postSolution
		SolutionGuid = {9B516B25-DAF7-4AA3-9169-D8BB148DD681}
	EndGlobalSection
EndGlobal
