
Microsoft Visual Studio Solution File, Format Version 12.00
# Visual Studio Version 17
VisualStudioVersion = 17.10.35122.118
MinimumVisualStudioVersion = 10.0.40219.1
Project("{FAE04EC0-301F-11D3-BF4B-00C04F79EFBC}") = "Wipro_EnumWithSwitch_UserInput", "Wipro_EnumWithSwitch_UserInput\Wipro_EnumWithSwitch_UserInput.csproj", "{60D8B857-B579-484B-A4F1-4DEE3D1AC37A}"
EndProject
Global
	GlobalSection(SolutionConfigurationPlatforms) = preSolution
		Debug|Any CPU = Debug|Any CPU
		Release|Any CPU = Release|Any CPU
	EndGlobalSection
	GlobalSection(ProjectConfigurationPlatforms) = postSolution
		{60D8B857-B579-484B-A4F1-4DEE3D1AC37A}.Debug|Any CPU.ActiveCfg = Debug|Any CPU
		{60D8B857-B579-484B-A4F1-4DEE3D1AC37A}.Debug|Any CPU.Build.0 = Debug|Any CPU
		{60D8B857-B579-484B-A4F1-4DEE3D1AC37A}.Release|Any CPU.ActiveCfg = Release|Any CPU
		{60D8B857-B579-484B-A4F1-4DEE3D1AC37A}.Release|Any CPU.Build.0 = Release|Any CPU
	EndGlobalSection
	GlobalSection(SolutionProperties) = preSolution
		HideSolutionNode = FALSE
	EndGlobalSection
	GlobalSection(ExtensibilityGlobals) = postSolution
		SolutionGuid = {AD74B015-0E5E-4C54-A335-25829438A0DA}
	EndGlobalSection
EndGlobal
