
Microsoft Visual Studio Solution File, Format Version 12.00
# Visual Studio Version 17
VisualStudioVersion = 17.10.35122.118
MinimumVisualStudioVersion = 10.0.40219.1
Project("{FAE04EC0-301F-11D3-BF4B-00C04F79EFBC}") = "Wipro_FactoryDesignPattern_Ex1", "Wipro_FactoryDesignPattern_Ex1\Wipro_FactoryDesignPattern_Ex1.csproj", "{591673B1-0261-4EF6-89F9-E2225020B212}"
EndProject
Global
	GlobalSection(SolutionConfigurationPlatforms) = preSolution
		Debug|Any CPU = Debug|Any CPU
		Release|Any CPU = Release|Any CPU
	EndGlobalSection
	GlobalSection(ProjectConfigurationPlatforms) = postSolution
		{591673B1-0261-4EF6-89F9-E2225020B212}.Debug|Any CPU.ActiveCfg = Debug|Any CPU
		{591673B1-0261-4EF6-89F9-E2225020B212}.Debug|Any CPU.Build.0 = Debug|Any CPU
		{591673B1-0261-4EF6-89F9-E2225020B212}.Release|Any CPU.ActiveCfg = Release|Any CPU
		{591673B1-0261-4EF6-89F9-E2225020B212}.Release|Any CPU.Build.0 = Release|Any CPU
	EndGlobalSection
	GlobalSection(SolutionProperties) = preSolution
		HideSolutionNode = FALSE
	EndGlobalSection
	GlobalSection(ExtensibilityGlobals) = postSolution
		SolutionGuid = {94489C4C-071D-4839-B614-EE46110393D0}
	EndGlobalSection
EndGlobal
