
Microsoft Visual Studio Solution File, Format Version 12.00
# Visual Studio Version 17
VisualStudioVersion = 17.10.35122.118
MinimumVisualStudioVersion = 10.0.40219.1
Project("{FAE04EC0-301F-11D3-BF4B-00C04F79EFBC}") = "Wipro_DatabaseConnectivuty_StoredProcedures_Ex1", "Wipro_DatabaseConnectivuty_StoredProcedures_Ex1\Wipro_DatabaseConnectivuty_StoredProcedures_Ex1.csproj", "{01171DF4-6849-4791-8915-7FEC18504C72}"
EndProject
Global
	GlobalSection(SolutionConfigurationPlatforms) = preSolution
		Debug|Any CPU = Debug|Any CPU
		Release|Any CPU = Release|Any CPU
	EndGlobalSection
	GlobalSection(ProjectConfigurationPlatforms) = postSolution
		{01171DF4-6849-4791-8915-7FEC18504C72}.Debug|Any CPU.ActiveCfg = Debug|Any CPU
		{01171DF4-6849-4791-8915-7FEC18504C72}.Debug|Any CPU.Build.0 = Debug|Any CPU
		{01171DF4-6849-4791-8915-7FEC18504C72}.Release|Any CPU.ActiveCfg = Release|Any CPU
		{01171DF4-6849-4791-8915-7FEC18504C72}.Release|Any CPU.Build.0 = Release|Any CPU
	EndGlobalSection
	GlobalSection(SolutionProperties) = preSolution
		HideSolutionNode = FALSE
	EndGlobalSection
	GlobalSection(ExtensibilityGlobals) = postSolution
		SolutionGuid = {5508B9D8-0257-4492-83F0-35F0449A830B}
	EndGlobalSection
EndGlobal
