
Microsoft Visual Studio Solution File, Format Version 12.00
# Visual Studio Version 17
VisualStudioVersion = 17.10.35122.118
MinimumVisualStudioVersion = 10.0.40219.1
Project("{FAE04EC0-301F-11D3-BF4B-00C04F79EFBC}") = "Wipro_ViewData", "Wipro_ViewData\Wipro_ViewData.csproj", "{84B2A081-F3E9-4E54-B80F-BF603E0D36F0}"
EndProject
Global
	GlobalSection(SolutionConfigurationPlatforms) = preSolution
		Debug|Any CPU = Debug|Any CPU
		Release|Any CPU = Release|Any CPU
	EndGlobalSection
	GlobalSection(ProjectConfigurationPlatforms) = postSolution
		{84B2A081-F3E9-4E54-B80F-BF603E0D36F0}.Debug|Any CPU.ActiveCfg = Debug|Any CPU
		{84B2A081-F3E9-4E54-B80F-BF603E0D36F0}.Debug|Any CPU.Build.0 = Debug|Any CPU
		{84B2A081-F3E9-4E54-B80F-BF603E0D36F0}.Release|Any CPU.ActiveCfg = Release|Any CPU
		{84B2A081-F3E9-4E54-B80F-BF603E0D36F0}.Release|Any CPU.Build.0 = Release|Any CPU
	EndGlobalSection
	GlobalSection(SolutionProperties) = preSolution
		HideSolutionNode = FALSE
	EndGlobalSection
	GlobalSection(ExtensibilityGlobals) = postSolution
		SolutionGuid = {EBDB2C7B-6BC6-4569-B554-9C74BFB76D5C}
	EndGlobalSection
EndGlobal
