
Microsoft Visual Studio Solution File, Format Version 12.00
# Visual Studio Version 17
VisualStudioVersion = 17.10.35122.118
MinimumVisualStudioVersion = 10.0.40219.1
Project("{FAE04EC0-301F-11D3-BF4B-00C04F79EFBC}") = "Wipro_API_ProductService", "Wipro_API_ProductService\Wipro_API_ProductService.csproj", "{8376CF73-F6F2-4A68-8B8E-2A529D449F1D}"
EndProject
Global
	GlobalSection(SolutionConfigurationPlatforms) = preSolution
		Debug|Any CPU = Debug|Any CPU
		Release|Any CPU = Release|Any CPU
	EndGlobalSection
	GlobalSection(ProjectConfigurationPlatforms) = postSolution
		{8376CF73-F6F2-4A68-8B8E-2A529D449F1D}.Debug|Any CPU.ActiveCfg = Debug|Any CPU
		{8376CF73-F6F2-4A68-8B8E-2A529D449F1D}.Debug|Any CPU.Build.0 = Debug|Any CPU
		{8376CF73-F6F2-4A68-8B8E-2A529D449F1D}.Release|Any CPU.ActiveCfg = Release|Any CPU
		{8376CF73-F6F2-4A68-8B8E-2A529D449F1D}.Release|Any CPU.Build.0 = Release|Any CPU
	EndGlobalSection
	GlobalSection(SolutionProperties) = preSolution
		HideSolutionNode = FALSE
	EndGlobalSection
	GlobalSection(ExtensibilityGlobals) = postSolution
		SolutionGuid = {8C048AB0-EAC2-467D-9895-B454BA810453}
	EndGlobalSection
EndGlobal
