
Microsoft Visual Studio Solution File, Format Version 12.00
# Visual Studio Version 17
VisualStudioVersion = 17.10.35122.118
MinimumVisualStudioVersion = 10.0.40219.1
Project("{FAE04EC0-301F-11D3-BF4B-00C04F79EFBC}") = "Wipro_SingleTypeInheritance", "Wipro_SingleTypeInheritance\Wipro_SingleTypeInheritance.csproj", "{7B265BD0-6090-4FB5-B26E-31DCC1C0CF01}"
EndProject
Global
	GlobalSection(SolutionConfigurationPlatforms) = preSolution
		Debug|Any CPU = Debug|Any CPU
		Release|Any CPU = Release|Any CPU
	EndGlobalSection
	GlobalSection(ProjectConfigurationPlatforms) = postSolution
		{7B265BD0-6090-4FB5-B26E-31DCC1C0CF01}.Debug|Any CPU.ActiveCfg = Debug|Any CPU
		{7B265BD0-6090-4FB5-B26E-31DCC1C0CF01}.Debug|Any CPU.Build.0 = Debug|Any CPU
		{7B265BD0-6090-4FB5-B26E-31DCC1C0CF01}.Release|Any CPU.ActiveCfg = Release|Any CPU
		{7B265BD0-6090-4FB5-B26E-31DCC1C0CF01}.Release|Any CPU.Build.0 = Release|Any CPU
	EndGlobalSection
	GlobalSection(SolutionProperties) = preSolution
		HideSolutionNode = FALSE
	EndGlobalSection
	GlobalSection(ExtensibilityGlobals) = postSolution
		SolutionGuid = {2D486F16-8554-47A0-A5E2-38EC55CD3C80}
	EndGlobalSection
EndGlobal
