
Microsoft Visual Studio Solution File, Format Version 12.00
# Visual Studio Version 17
VisualStudioVersion = 17.10.35122.118
MinimumVisualStudioVersion = 10.0.40219.1
Project("{FAE04EC0-301F-11D3-BF4B-00C04F79EFBC}") = "Wipro_GenericsCollection_Ex2", "Wipro_GenericsCollection_Ex2\Wipro_GenericsCollection_Ex2.csproj", "{341573FB-6610-4F74-8833-F5475481AF97}"
EndProject
Global
	GlobalSection(SolutionConfigurationPlatforms) = preSolution
		Debug|Any CPU = Debug|Any CPU
		Release|Any CPU = Release|Any CPU
	EndGlobalSection
	GlobalSection(ProjectConfigurationPlatforms) = postSolution
		{341573FB-6610-4F74-8833-F5475481AF97}.Debug|Any CPU.ActiveCfg = Debug|Any CPU
		{341573FB-6610-4F74-8833-F5475481AF97}.Debug|Any CPU.Build.0 = Debug|Any CPU
		{341573FB-6610-4F74-8833-F5475481AF97}.Release|Any CPU.ActiveCfg = Release|Any CPU
		{341573FB-6610-4F74-8833-F5475481AF97}.Release|Any CPU.Build.0 = Release|Any CPU
	EndGlobalSection
	GlobalSection(SolutionProperties) = preSolution
		HideSolutionNode = FALSE
	EndGlobalSection
	GlobalSection(ExtensibilityGlobals) = postSolution
		SolutionGuid = {2603B10E-47A0-4F54-B9EA-09EC8C9D6D0E}
	EndGlobalSection
EndGlobal
