
Microsoft Visual Studio Solution File, Format Version 12.00
# Visual Studio Version 17
VisualStudioVersion = 17.10.35122.118
MinimumVisualStudioVersion = 10.0.40219.1
Project("{FAE04EC0-301F-11D3-BF4B-00C04F79EFBC}") = "Wipro_CallByReference", "Wipro_CallByReference\Wipro_CallByReference.csproj", "{60D707AE-58C4-4483-A410-B41217761279}"
EndProject
Global
	GlobalSection(SolutionConfigurationPlatforms) = preSolution
		Debug|Any CPU = Debug|Any CPU
		Release|Any CPU = Release|Any CPU
	EndGlobalSection
	GlobalSection(ProjectConfigurationPlatforms) = postSolution
		{60D707AE-58C4-4483-A410-B41217761279}.Debug|Any CPU.ActiveCfg = Debug|Any CPU
		{60D707AE-58C4-4483-A410-B41217761279}.Debug|Any CPU.Build.0 = Debug|Any CPU
		{60D707AE-58C4-4483-A410-B41217761279}.Release|Any CPU.ActiveCfg = Release|Any CPU
		{60D707AE-58C4-4483-A410-B41217761279}.Release|Any CPU.Build.0 = Release|Any CPU
	EndGlobalSection
	GlobalSection(SolutionProperties) = preSolution
		HideSolutionNode = FALSE
	EndGlobalSection
	GlobalSection(ExtensibilityGlobals) = postSolution
		SolutionGuid = {823C4C2F-E20F-44A4-90A7-A13A8946E357}
	EndGlobalSection
EndGlobal
