
Microsoft Visual Studio Solution File, Format Version 12.00
# Visual Studio Version 17
VisualStudioVersion = 17.10.35122.118
MinimumVisualStudioVersion = 10.0.40219.1
Project("{FAE04EC0-301F-11D3-BF4B-00C04F79EFBC}") = "Wipro_API_CFA_VehicleService", "Wipro_API_CFA_VehicleService\Wipro_API_CFA_VehicleService.csproj", "{A7C4EA74-08D8-483D-8E6D-3999FA736F41}"
EndProject
Global
	GlobalSection(SolutionConfigurationPlatforms) = preSolution
		Debug|Any CPU = Debug|Any CPU
		Release|Any CPU = Release|Any CPU
	EndGlobalSection
	GlobalSection(ProjectConfigurationPlatforms) = postSolution
		{A7C4EA74-08D8-483D-8E6D-3999FA736F41}.Debug|Any CPU.ActiveCfg = Debug|Any CPU
		{A7C4EA74-08D8-483D-8E6D-3999FA736F41}.Debug|Any CPU.Build.0 = Debug|Any CPU
		{A7C4EA74-08D8-483D-8E6D-3999FA736F41}.Release|Any CPU.ActiveCfg = Release|Any CPU
		{A7C4EA74-08D8-483D-8E6D-3999FA736F41}.Release|Any CPU.Build.0 = Release|Any CPU
	EndGlobalSection
	GlobalSection(SolutionProperties) = preSolution
		HideSolutionNode = FALSE
	EndGlobalSection
	GlobalSection(ExtensibilityGlobals) = postSolution
		SolutionGuid = {6BC4D65E-09D4-4D9A-B500-CA7A4548A3C6}
	EndGlobalSection
EndGlobal
