
Microsoft Visual Studio Solution File, Format Version 12.00
# Visual Studio Version 17
VisualStudioVersion = 17.10.35122.118
MinimumVisualStudioVersion = 10.0.40219.1
Project("{FAE04EC0-301F-11D3-BF4B-00C04F79EFBC}") = "Wipro_UnaryOperator", "Wipro_UnaryOperator\Wipro_UnaryOperator.csproj", "{71AAF776-7054-45EF-8433-E44DFE40CBDC}"
EndProject
Global
	GlobalSection(SolutionConfigurationPlatforms) = preSolution
		Debug|Any CPU = Debug|Any CPU
		Release|Any CPU = Release|Any CPU
	EndGlobalSection
	GlobalSection(ProjectConfigurationPlatforms) = postSolution
		{71AAF776-7054-45EF-8433-E44DFE40CBDC}.Debug|Any CPU.ActiveCfg = Debug|Any CPU
		{71AAF776-7054-45EF-8433-E44DFE40CBDC}.Debug|Any CPU.Build.0 = Debug|Any CPU
		{71AAF776-7054-45EF-8433-E44DFE40CBDC}.Release|Any CPU.ActiveCfg = Release|Any CPU
		{71AAF776-7054-45EF-8433-E44DFE40CBDC}.Release|Any CPU.Build.0 = Release|Any CPU
	EndGlobalSection
	GlobalSection(SolutionProperties) = preSolution
		HideSolutionNode = FALSE
	EndGlobalSection
	GlobalSection(ExtensibilityGlobals) = postSolution
		SolutionGuid = {AFE7DBB2-B3B8-4AE8-8B56-9745A9C071CD}
	EndGlobalSection
EndGlobal
