
Microsoft Visual Studio Solution File, Format Version 12.00
# Visual Studio Version 17
VisualStudioVersion = 17.10.35122.118
MinimumVisualStudioVersion = 10.0.40219.1
Project("{FAE04EC0-301F-11D3-BF4B-00C04F79EFBC}") = "Wipro_Array_Example", "Wipro_Array_Example\Wipro_Array_Example.csproj", "{16CA90FB-F2AD-4122-B246-EBD907330FD4}"
EndProject
Global
	GlobalSection(SolutionConfigurationPlatforms) = preSolution
		Debug|Any CPU = Debug|Any CPU
		Release|Any CPU = Release|Any CPU
	EndGlobalSection
	GlobalSection(ProjectConfigurationPlatforms) = postSolution
		{16CA90FB-F2AD-4122-B246-EBD907330FD4}.Debug|Any CPU.ActiveCfg = Debug|Any CPU
		{16CA90FB-F2AD-4122-B246-EBD907330FD4}.Debug|Any CPU.Build.0 = Debug|Any CPU
		{16CA90FB-F2AD-4122-B246-EBD907330FD4}.Release|Any CPU.ActiveCfg = Release|Any CPU
		{16CA90FB-F2AD-4122-B246-EBD907330FD4}.Release|Any CPU.Build.0 = Release|Any CPU
	EndGlobalSection
	GlobalSection(SolutionProperties) = preSolution
		HideSolutionNode = FALSE
	EndGlobalSection
	GlobalSection(ExtensibilityGlobals) = postSolution
		SolutionGuid = {6A5AE9B3-699A-4F5B-A66E-4E31904B1F17}
	EndGlobalSection
EndGlobal
