
Microsoft Visual Studio Solution File, Format Version 12.00
# Visual Studio Version 17
VisualStudioVersion = 17.10.35122.118
MinimumVisualStudioVersion = 10.0.40219.1
Project("{FAE04EC0-301F-11D3-BF4B-00C04F79EFBC}") = "Wipro_MultiLevel_Inheritance", "Wipro_MultiLevel_Inheritance\Wipro_MultiLevel_Inheritance.csproj", "{03DDA607-7230-4100-ABE9-EEBBDF782575}"
EndProject
Global
	GlobalSection(SolutionConfigurationPlatforms) = preSolution
		Debug|Any CPU = Debug|Any CPU
		Release|Any CPU = Release|Any CPU
	EndGlobalSection
	GlobalSection(ProjectConfigurationPlatforms) = postSolution
		{03DDA607-7230-4100-ABE9-EEBBDF782575}.Debug|Any CPU.ActiveCfg = Debug|Any CPU
		{03DDA607-7230-4100-ABE9-EEBBDF782575}.Debug|Any CPU.Build.0 = Debug|Any CPU
		{03DDA607-7230-4100-ABE9-EEBBDF782575}.Release|Any CPU.ActiveCfg = Release|Any CPU
		{03DDA607-7230-4100-ABE9-EEBBDF782575}.Release|Any CPU.Build.0 = Release|Any CPU
	EndGlobalSection
	GlobalSection(SolutionProperties) = preSolution
		HideSolutionNode = FALSE
	EndGlobalSection
	GlobalSection(ExtensibilityGlobals) = postSolution
		SolutionGuid = {12D3BF85-13C4-4A64-AABA-CC71BA666830}
	EndGlobalSection
EndGlobal
