
Microsoft Visual Studio Solution File, Format Version 12.00
# Visual Studio Version 17
VisualStudioVersion = 17.10.35122.118
MinimumVisualStudioVersion = 10.0.40219.1
Project("{FAE04EC0-301F-11D3-BF4B-00C04F79EFBC}") = "Wipro_Assignment_Forloop", "Wipro_Assignment_Forloop\Wipro_Assignment_Forloop.csproj", "{53391BA2-F814-4934-B9C6-E62B6A11FE6A}"
EndProject
Global
	GlobalSection(SolutionConfigurationPlatforms) = preSolution
		Debug|Any CPU = Debug|Any CPU
		Release|Any CPU = Release|Any CPU
	EndGlobalSection
	GlobalSection(ProjectConfigurationPlatforms) = postSolution
		{53391BA2-F814-4934-B9C6-E62B6A11FE6A}.Debug|Any CPU.ActiveCfg = Debug|Any CPU
		{53391BA2-F814-4934-B9C6-E62B6A11FE6A}.Debug|Any CPU.Build.0 = Debug|Any CPU
		{53391BA2-F814-4934-B9C6-E62B6A11FE6A}.Release|Any CPU.ActiveCfg = Release|Any CPU
		{53391BA2-F814-4934-B9C6-E62B6A11FE6A}.Release|Any CPU.Build.0 = Release|Any CPU
	EndGlobalSection
	GlobalSection(SolutionProperties) = preSolution
		HideSolutionNode = FALSE
	EndGlobalSection
	GlobalSection(ExtensibilityGlobals) = postSolution
		SolutionGuid = {549CA30D-B1B9-4C6E-B7FE-E1C79568C2B4}
	EndGlobalSection
EndGlobal
