
Microsoft Visual Studio Solution File, Format Version 12.00
# Visual Studio Version 17
VisualStudioVersion = 17.10.35122.118
MinimumVisualStudioVersion = 10.0.40219.1
Project("{FAE04EC0-301F-11D3-BF4B-00C04F79EFBC}") = "Wipro_TempData", "Wipro_TempData\Wipro_TempData.csproj", "{1BA7A13B-86F2-4942-8409-1C29AC60608B}"
EndProject
Global
	GlobalSection(SolutionConfigurationPlatforms) = preSolution
		Debug|Any CPU = Debug|Any CPU
		Release|Any CPU = Release|Any CPU
	EndGlobalSection
	GlobalSection(ProjectConfigurationPlatforms) = postSolution
		{1BA7A13B-86F2-4942-8409-1C29AC60608B}.Debug|Any CPU.ActiveCfg = Debug|Any CPU
		{1BA7A13B-86F2-4942-8409-1C29AC60608B}.Debug|Any CPU.Build.0 = Debug|Any CPU
		{1BA7A13B-86F2-4942-8409-1C29AC60608B}.Release|Any CPU.ActiveCfg = Release|Any CPU
		{1BA7A13B-86F2-4942-8409-1C29AC60608B}.Release|Any CPU.Build.0 = Release|Any CPU
	EndGlobalSection
	GlobalSection(SolutionProperties) = preSolution
		HideSolutionNode = FALSE
	EndGlobalSection
	GlobalSection(ExtensibilityGlobals) = postSolution
		SolutionGuid = {F2A6F5B2-64CE-4391-8476-FAA3F54DA7D1}
	EndGlobalSection
EndGlobal
