
Microsoft Visual Studio Solution File, Format Version 12.00
# Visual Studio Version 17
VisualStudioVersion = 17.10.35122.118
MinimumVisualStudioVersion = 10.0.40219.1
Project("{FAE04EC0-301F-11D3-BF4B-00C04F79EFBC}") = "Wipro_Assignment_ForLoop_UserInput", "Wipro_Assignment_ForLoop_UserInput\Wipro_Assignment_ForLoop_UserInput.csproj", "{72766109-52F3-4FDA-928A-899A0B5F93CD}"
EndProject
Global
	GlobalSection(SolutionConfigurationPlatforms) = preSolution
		Debug|Any CPU = Debug|Any CPU
		Release|Any CPU = Release|Any CPU
	EndGlobalSection
	GlobalSection(ProjectConfigurationPlatforms) = postSolution
		{72766109-52F3-4FDA-928A-899A0B5F93CD}.Debug|Any CPU.ActiveCfg = Debug|Any CPU
		{72766109-52F3-4FDA-928A-899A0B5F93CD}.Debug|Any CPU.Build.0 = Debug|Any CPU
		{72766109-52F3-4FDA-928A-899A0B5F93CD}.Release|Any CPU.ActiveCfg = Release|Any CPU
		{72766109-52F3-4FDA-928A-899A0B5F93CD}.Release|Any CPU.Build.0 = Release|Any CPU
	EndGlobalSection
	GlobalSection(SolutionProperties) = preSolution
		HideSolutionNode = FALSE
	EndGlobalSection
	GlobalSection(ExtensibilityGlobals) = postSolution
		SolutionGuid = {EDAD6913-0621-4DEE-A8C0-D041E0B8CD51}
	EndGlobalSection
EndGlobal
