
Microsoft Visual Studio Solution File, Format Version 12.00
# Visual Studio Version 17
VisualStudioVersion = 17.10.35122.118
MinimumVisualStudioVersion = 10.0.40219.1
Project("{FAE04EC0-301F-11D3-BF4B-00C04F79EFBC}") = "Wipro_Reflections_Ex2", "Wipro_Reflections_Ex2\Wipro_Reflections_Ex2.csproj", "{8B137E38-EBA3-4ED2-B476-D12FF8990F92}"
EndProject
Global
	GlobalSection(SolutionConfigurationPlatforms) = preSolution
		Debug|Any CPU = Debug|Any CPU
		Release|Any CPU = Release|Any CPU
	EndGlobalSection
	GlobalSection(ProjectConfigurationPlatforms) = postSolution
		{8B137E38-EBA3-4ED2-B476-D12FF8990F92}.Debug|Any CPU.ActiveCfg = Debug|Any CPU
		{8B137E38-EBA3-4ED2-B476-D12FF8990F92}.Debug|Any CPU.Build.0 = Debug|Any CPU
		{8B137E38-EBA3-4ED2-B476-D12FF8990F92}.Release|Any CPU.ActiveCfg = Release|Any CPU
		{8B137E38-EBA3-4ED2-B476-D12FF8990F92}.Release|Any CPU.Build.0 = Release|Any CPU
	EndGlobalSection
	GlobalSection(SolutionProperties) = preSolution
		HideSolutionNode = FALSE
	EndGlobalSection
	GlobalSection(ExtensibilityGlobals) = postSolution
		SolutionGuid = {23AB55D5-D500-42D9-97D5-7483D7ABAD0A}
	EndGlobalSection
EndGlobal
