
Microsoft Visual Studio Solution File, Format Version 12.00
# Visual Studio Version 17
VisualStudioVersion = 17.10.35122.118
MinimumVisualStudioVersion = 10.0.40219.1
Project("{FAE04EC0-301F-11D3-BF4B-00C04F79EFBC}") = "Wipro_StreamWriter_Files_Ex1", "Wipro_StreamWriter_Files_Ex1\Wipro_StreamWriter_Files_Ex1.csproj", "{70EA5049-5DFF-45E1-ACD8-C193F99BDA81}"
EndProject
Global
	GlobalSection(SolutionConfigurationPlatforms) = preSolution
		Debug|Any CPU = Debug|Any CPU
		Release|Any CPU = Release|Any CPU
	EndGlobalSection
	GlobalSection(ProjectConfigurationPlatforms) = postSolution
		{70EA5049-5DFF-45E1-ACD8-C193F99BDA81}.Debug|Any CPU.ActiveCfg = Debug|Any CPU
		{70EA5049-5DFF-45E1-ACD8-C193F99BDA81}.Debug|Any CPU.Build.0 = Debug|Any CPU
		{70EA5049-5DFF-45E1-ACD8-C193F99BDA81}.Release|Any CPU.ActiveCfg = Release|Any CPU
		{70EA5049-5DFF-45E1-ACD8-C193F99BDA81}.Release|Any CPU.Build.0 = Release|Any CPU
	EndGlobalSection
	GlobalSection(SolutionProperties) = preSolution
		HideSolutionNode = FALSE
	EndGlobalSection
	GlobalSection(ExtensibilityGlobals) = postSolution
		SolutionGuid = {D37BF162-37FC-4542-B83F-104FEFACC99C}
	EndGlobalSection
EndGlobal
