
Microsoft Visual Studio Solution File, Format Version 12.00
# Visual Studio Version 17
VisualStudioVersion = 17.10.35122.118
MinimumVisualStudioVersion = 10.0.40219.1
Project("{FAE04EC0-301F-11D3-BF4B-00C04F79EFBC}") = "Wipro_ViewData_Ex3", "Wipro_ViewData_Ex3\Wipro_ViewData_Ex3.csproj", "{5F946EDD-5CF4-4ED6-8029-F303B615DB0A}"
EndProject
Global
	GlobalSection(SolutionConfigurationPlatforms) = preSolution
		Debug|Any CPU = Debug|Any CPU
		Release|Any CPU = Release|Any CPU
	EndGlobalSection
	GlobalSection(ProjectConfigurationPlatforms) = postSolution
		{5F946EDD-5CF4-4ED6-8029-F303B615DB0A}.Debug|Any CPU.ActiveCfg = Debug|Any CPU
		{5F946EDD-5CF4-4ED6-8029-F303B615DB0A}.Debug|Any CPU.Build.0 = Debug|Any CPU
		{5F946EDD-5CF4-4ED6-8029-F303B615DB0A}.Release|Any CPU.ActiveCfg = Release|Any CPU
		{5F946EDD-5CF4-4ED6-8029-F303B615DB0A}.Release|Any CPU.Build.0 = Release|Any CPU
	EndGlobalSection
	GlobalSection(SolutionProperties) = preSolution
		HideSolutionNode = FALSE
	EndGlobalSection
	GlobalSection(ExtensibilityGlobals) = postSolution
		SolutionGuid = {869C0324-DC62-45B4-9760-4AFC8880B96F}
	EndGlobalSection
EndGlobal
