
Microsoft Visual Studio Solution File, Format Version 12.00
# Visual Studio Version 17
VisualStudioVersion = 17.10.35122.118
MinimumVisualStudioVersion = 10.0.40219.1
Project("{FAE04EC0-301F-11D3-BF4B-00C04F79EFBC}") = "Wipro_DIPrinciple_Ex2", "Wipro_DIPrinciple_Ex2\Wipro_DIPrinciple_Ex2.csproj", "{CE71F89B-B627-4EED-8EF3-A9DC39560490}"
EndProject
Global
	GlobalSection(SolutionConfigurationPlatforms) = preSolution
		Debug|Any CPU = Debug|Any CPU
		Release|Any CPU = Release|Any CPU
	EndGlobalSection
	GlobalSection(ProjectConfigurationPlatforms) = postSolution
		{CE71F89B-B627-4EED-8EF3-A9DC39560490}.Debug|Any CPU.ActiveCfg = Debug|Any CPU
		{CE71F89B-B627-4EED-8EF3-A9DC39560490}.Debug|Any CPU.Build.0 = Debug|Any CPU
		{CE71F89B-B627-4EED-8EF3-A9DC39560490}.Release|Any CPU.ActiveCfg = Release|Any CPU
		{CE71F89B-B627-4EED-8EF3-A9DC39560490}.Release|Any CPU.Build.0 = Release|Any CPU
	EndGlobalSection
	GlobalSection(SolutionProperties) = preSolution
		HideSolutionNode = FALSE
	EndGlobalSection
	GlobalSection(ExtensibilityGlobals) = postSolution
		SolutionGuid = {A4FE1883-F40F-4480-8995-99FF6CC6E78E}
	EndGlobalSection
EndGlobal
