
Microsoft Visual Studio Solution File, Format Version 12.00
# Visual Studio Version 17
VisualStudioVersion = 17.10.35122.118
MinimumVisualStudioVersion = 10.0.40219.1
Project("{FAE04EC0-301F-11D3-BF4B-00C04F79EFBC}") = "Wipro_OCP_Ex1", "Wipro_OCP_Ex1\Wipro_OCP_Ex1.csproj", "{888F8C0D-B7C0-4038-B9B4-8593F8D61584}"
EndProject
Global
	GlobalSection(SolutionConfigurationPlatforms) = preSolution
		Debug|Any CPU = Debug|Any CPU
		Release|Any CPU = Release|Any CPU
	EndGlobalSection
	GlobalSection(ProjectConfigurationPlatforms) = postSolution
		{888F8C0D-B7C0-4038-B9B4-8593F8D61584}.Debug|Any CPU.ActiveCfg = Debug|Any CPU
		{888F8C0D-B7C0-4038-B9B4-8593F8D61584}.Debug|Any CPU.Build.0 = Debug|Any CPU
		{888F8C0D-B7C0-4038-B9B4-8593F8D61584}.Release|Any CPU.ActiveCfg = Release|Any CPU
		{888F8C0D-B7C0-4038-B9B4-8593F8D61584}.Release|Any CPU.Build.0 = Release|Any CPU
	EndGlobalSection
	GlobalSection(SolutionProperties) = preSolution
		HideSolutionNode = FALSE
	EndGlobalSection
	GlobalSection(ExtensibilityGlobals) = postSolution
		SolutionGuid = {5E8528D7-87EA-44C4-9188-26B2191BEFE8}
	EndGlobalSection
EndGlobal
