
Microsoft Visual Studio Solution File, Format Version 12.00
# Visual Studio Version 17
VisualStudioVersion = 17.10.35122.118
MinimumVisualStudioVersion = 10.0.40219.1
Project("{FAE04EC0-301F-11D3-BF4B-00C04F79EFBC}") = "Wipro_API_CustomerService", "Wipro_API_CustomerService\Wipro_API_CustomerService.csproj", "{0AAF50BE-4950-4B27-A733-9664FEAFBCE1}"
EndProject
Global
	GlobalSection(SolutionConfigurationPlatforms) = preSolution
		Debug|Any CPU = Debug|Any CPU
		Release|Any CPU = Release|Any CPU
	EndGlobalSection
	GlobalSection(ProjectConfigurationPlatforms) = postSolution
		{0AAF50BE-4950-4B27-A733-9664FEAFBCE1}.Debug|Any CPU.ActiveCfg = Debug|Any CPU
		{0AAF50BE-4950-4B27-A733-9664FEAFBCE1}.Debug|Any CPU.Build.0 = Debug|Any CPU
		{0AAF50BE-4950-4B27-A733-9664FEAFBCE1}.Release|Any CPU.ActiveCfg = Release|Any CPU
		{0AAF50BE-4950-4B27-A733-9664FEAFBCE1}.Release|Any CPU.Build.0 = Release|Any CPU
	EndGlobalSection
	GlobalSection(SolutionProperties) = preSolution
		HideSolutionNode = FALSE
	EndGlobalSection
	GlobalSection(ExtensibilityGlobals) = postSolution
		SolutionGuid = {5BCE2F60-745C-4721-B78C-3B012163AFF6}
	EndGlobalSection
EndGlobal
